
Microsoft Visual Studio Solution File, Format Version 12.00
# Visual Studio Version 16
VisualStudioVersion = 16.0.30621.155
MinimumVisualStudioVersion = 10.0.40219.1
Project("{9A19103F-16F7-4668-BE54-9A1E7A4F7556}") = "ReservationSystem", "ReservationSystem\ReservationSystem.csproj", "{906C2325-A4AA-4528-A450-6196DB43DF5D}"
EndProject
Project("{FAE04EC0-301F-11D3-BF4B-00C04F79EFBC}") = "ReservationSystem.Core", "ReservationSystem.Core\ReservationSystem.Core.csproj", "{EA70D499-BEB6-41A0-B777-D11ECD67F72C}"
EndProject
Global
	GlobalSection(SolutionConfigurationPlatforms) = preSolution
		Debug|Any CPU = Debug|Any CPU
		Release|Any CPU = Release|Any CPU
	EndGlobalSection
	GlobalSection(ProjectConfigurationPlatforms) = postSolution
		{906C2325-A4AA-4528-A450-6196DB43DF5D}.Debug|Any CPU.ActiveCfg = Debug|Any CPU
		{906C2325-A4AA-4528-A450-6196DB43DF5D}.Debug|Any CPU.Build.0 = Debug|Any CPU
		{906C2325-A4AA-4528-A450-6196DB43DF5D}.Release|Any CPU.ActiveCfg = Release|Any CPU
		{906C2325-A4AA-4528-A450-6196DB43DF5D}.Release|Any CPU.Build.0 = Release|Any CPU
		{EA70D499-BEB6-41A0-B777-D11ECD67F72C}.Debug|Any CPU.ActiveCfg = Debug|Any CPU
		{EA70D499-BEB6-41A0-B777-D11ECD67F72C}.Debug|Any CPU.Build.0 = Debug|Any CPU
		{EA70D499-BEB6-41A0-B777-D11ECD67F72C}.Release|Any CPU.ActiveCfg = Release|Any CPU
		{EA70D499-BEB6-41A0-B777-D11ECD67F72C}.Release|Any CPU.Build.0 = Release|Any CPU
	EndGlobalSection
	GlobalSection(SolutionProperties) = preSolution
		HideSolutionNode = FALSE
	EndGlobalSection
	GlobalSection(ExtensibilityGlobals) = postSolution
		SolutionGuid = {0A095A70-273D-4FF9-BF01-1FC336B59C7C}
	EndGlobalSection
EndGlobal
